// !$*UTF8*$!
{
	archiveVersion = 1;
	classes = {
	};
	objectVersion = 50;
	objects = {

/* Begin PBXBuildFile section */
		76974FDC24A7968A00C8B959 /* AppDelegate.swift in Sources */ = {isa = PBXBuildFile; fileRef = 76974FDB24A7968A00C8B959 /* AppDelegate.swift */; };
		76974FDE24A7968A00C8B959 /* SceneDelegate.swift in Sources */ = {isa = PBXBuildFile; fileRef = 76974FDD24A7968A00C8B959 /* SceneDelegate.swift */; };
		76974FE024A7968A00C8B959 /* ViewController.swift in Sources */ = {isa = PBXBuildFile; fileRef = 76974FDF24A7968A00C8B959 /* ViewController.swift */; };
		76974FE324A7968B00C8B959 /* Main.storyboard in Resources */ = {isa = PBXBuildFile; fileRef = 76974FE124A7968B00C8B959 /* Main.storyboard */; };
		76974FE524A7968C00C8B959 /* Assets.xcassets in Resources */ = {isa = PBXBuildFile; fileRef = 76974FE424A7968C00C8B959 /* Assets.xcassets */; };
		76974FE824A7968C00C8B959 /* LaunchScreen.storyboard in Resources */ = {isa = PBXBuildFile; fileRef = 76974FE624A7968C00C8B959 /* LaunchScreen.storyboard */; };
/* End PBXBuildFile section */

/* Begin PBXFileReference section */
		76974FD824A7968A00C8B959 /* iOS-cw5-p1.app */ = {isa = PBXFileReference; explicitFileType = wrapper.application; includeInIndex = 0; path = "iOS-cw5-p1.app"; sourceTree = BUILT_PRODUCTS_DIR; };
		76974FDB24A7968A00C8B959 /* AppDelegate.swift */ = {isa = PBXFileReference; lastKnownFileType = sourcecode.swift; path = AppDelegate.swift; sourceTree = "<group>"; };
		76974FDD24A7968A00C8B959 /* SceneDelegate.swift */ = {isa = PBXFileReference; lastKnownFileType = sourcecode.swift; path = SceneDelegate.swift; sourceTree = "<group>"; };
		76974FDF24A7968A00C8B959 /* ViewController.swift */ = {isa = PBXFileReference; lastKnownFileType = sourcecode.swift; path = ViewController.swift; sourceTree = "<group>"; };
		76974FE224A7968B00C8B959 /* Base */ = {isa = PBXFileReference; lastKnownFileType = file.storyboard; name = Base; path = Base.lproj/Main.storyboard; sourceTree = "<group>"; };
		76974FE424A7968C00C8B959 /* Assets.xcassets */ = {isa = PBXFileReference; lastKnownFileType = folder.assetcatalog; path = Assets.xcassets; sourceTree = "<group>"; };
		76974FE724A7968C00C8B959 /* Base */ = {isa = PBXFileReference; lastKnownFileType = file.storyboard; name = Base; path = Base.lproj/LaunchScreen.storyboard; sourceTree = "<group>"; };
		76974FE924A7968C00C8B959 /* Info.plist */ = {isa = PBXFileReference; lastKnownFileType = text.plist.xml; path = Info.plist; sourceTree = "<group>"; };
		76974FEF24A796CF00C8B959 /* iOS-cw5-p1.entitlements */ = {isa = PBXFileReference; lastKnownFileType = text.plist.entitlements; path = "iOS-cw5-p1.entitlements"; sourceTree = "<group>"; };
/* End PBXFileReference section */

/* Begin PBXFrameworksBuildPhase section */
		76974FD524A7968A00C8B959 /* Frameworks */ = {
			isa = PBXFrameworksBuildPhase;
			buildActionMask = 2147483647;
			files = (
			);
			runOnlyForDeploymentPostprocessing = 0;
		};
/* End PBXFrameworksBuildPhase section */

/* Begin PBXGroup section */
		76974FCF24A7968A00C8B959 = {
			isa = PBXGroup;
			children = (
				76974FDA24A7968A00C8B959 /* iOS-cw5-p1 */,
				76974FD924A7968A00C8B959 /* Products */,
			);
			sourceTree = "<group>";
		};
		76974FD924A7968A00C8B959 /* Products */ = {
			isa = PBXGroup;
			children = (
				76974FD824A7968A00C8B959 /* iOS-cw5-p1.app */,
			);
			name = Products;
			sourceTree = "<group>";
		};
		76974FDA24A7968A00C8B959 /* iOS-cw5-p1 */ = {
			isa = PBXGroup;
			children = (
				76974FEF24A796CF00C8B959 /* iOS-cw5-p1.entitlements */,
				76974FDB24A7968A00C8B959 /* AppDelegate.swift */,
				76974FDD24A7968A00C8B959 /* SceneDelegate.swift */,
				76974FDF24A7968A00C8B959 /* ViewController.swift */,
				76974FE124A7968B00C8B959 /* Main.storyboard */,
				76974FE424A7968C00C8B959 /* Assets.xcassets */,
				76974FE624A7968C00C8B959 /* LaunchScreen.storyboard */,
				76974FE924A7968C00C8B959 /* Info.plist */,
			);
			path = "iOS-cw5-p1";
			sourceTree = "<group>";
		};
/* End PBXGroup section */

/* Begin PBXNativeTarget section */
		76974FD724A7968A00C8B959 /* iOS-cw5-p1 */ = {
			isa = PBXNativeTarget;
			buildConfigurationList = 76974FEC24A7968C00C8B959 /* Build configuration list for PBXNativeTarget "iOS-cw5-p1" */;
			buildPhases = (
				76974FD424A7968A00C8B959 /* Sources */,
				76974FD524A7968A00C8B959 /* Frameworks */,
				76974FD624A7968A00C8B959 /* Resources */,
			);
			buildRules = (
			);
			dependencies = (
			);
			name = "iOS-cw5-p1";
			productName = "iOS-cw5-p1";
			productReference = 76974FD824A7968A00C8B959 /* iOS-cw5-p1.app */;
			productType = "com.apple.product-type.application";
		};
/* End PBXNativeTarget section */

/* Begin PBXProject section */
		76974FD024A7968A00C8B959 /* Project object */ = {
			isa = PBXProject;
			attributes = {
				LastSwiftUpdateCheck = 1150;
				LastUpgradeCheck = 1150;
				ORGANIZATIONNAME = Almousawi2002;
				TargetAttributes = {
					76974FD724A7968A00C8B959 = {
						CreatedOnToolsVersion = 11.5;
					};
				};
			};
			buildConfigurationList = 76974FD324A7968A00C8B959 /* Build configuration list for PBXProject "iOS-cw5-p1" */;
			compatibilityVersion = "Xcode 9.3";
			developmentRegion = en;
			hasScannedForEncodings = 0;
			knownRegions = (
				en,
				Base,
			);
			mainGroup = 76974FCF24A7968A00C8B959;
			productRefGroup = 76974FD924A7968A00C8B959 /* Products */;
			projectDirPath = "";
			projectRoot = "";
			targets = (
				76974FD724A7968A00C8B959 /* iOS-cw5-p1 */,
			);
		};
/* End PBXProject section */

/* Begin PBXResourcesBuildPhase section */
		76974FD624A7968A00C8B959 /* Resources */ = {
			isa = PBXResourcesBuildPhase;
			buildActionMask = 2147483647;
			files = (
				76974FE824A7968C00C8B959 /* LaunchScreen.storyboard in Resources */,
				76974FE524A7968C00C8B959 /* Assets.xcassets in Resources */,
				76974FE324A7968B00C8B959 /* Main.storyboard in Resources */,
			);
			runOnlyForDeploymentPostprocessing = 0;
		};
/* End PBXResourcesBuildPhase section */

/* Begin PBXSourcesBuildPhase section */
		76974FD424A7968A00C8B959 /* Sources */ = {
			isa = PBXSourcesBuildPhase;
			buildActionMask = 2147483647;
			files = (
				76974FE024A7968A00C8B959 /* ViewController.swift in Sources */,
				76974FDC24A7968A00C8B959 /* AppDelegate.swift in Sources */,
				76974FDE24A7968A00C8B959 /* SceneDelegate.swift in Sources */,
			);
			runOnlyForDeploymentPostprocessing = 0;
		};
/* End PBXSourcesBuildPhase section */

/* Begin PBXVariantGroup section */
		76974FE124A7968B00C8B959 /* Main.storyboard */ = {
			isa = PBXVariantGroup;
			children = (
				76974FE224A7968B00C8B959 /* Base */,
			);
			name = Main.storyboard;
			sourceTree = "<group>";
		};
		76974FE624A7968C00C8B959 /* LaunchScreen.storyboard */ = {
			isa = PBXVariantGroup;
			children = (
				76974FE724A7968C00C8B959 /* Base */,
			);
			name = LaunchScreen.storyboard;
			sourceTree = "<group>";
		};
/* End PBXVariantGroup section */

/* Begin XCBuildConfiguration section */
		76974FEA24A7968C00C8B959 /* Debug */ = {
			isa = XCBuildConfiguration;
			buildSettings = {
				ALWAYS_SEARCH_USER_PATHS = NO;
				CLANG_ANALYZER_NONNULL = YES;
				CLANG_ANALYZER_NUMBER_OBJECT_CONVERSION = YES_AGGRESSIVE;
				CLANG_CXX_LANGUAGE_STANDARD = "gnu++14";
				CLANG_CXX_LIBRARY = "libc++";
				CLANG_ENABLE_MODULES = YES;
				CLANG_ENABLE_OBJC_ARC = YES;
				CLANG_ENABLE_OBJC_WEAK = YES;
				CLANG_WARN_BLOCK_CAPTURE_AUTORELEASING = YES;
				CLANG_WARN_BOOL_CONVERSION = YES;
				CLANG_WARN_COMMA = YES;
				CLANG_WARN_CONSTANT_CONVERSION = YES;
				CLANG_WARN_DEPRECATED_OBJC_IMPLEMENTATIONS = YES;
				CLANG_WARN_DIRECT_OBJC_ISA_USAGE = YES_ERROR;
				CLANG_WARN_DOCUMENTATION_COMMENTS = YES;
				CLANG_WARN_EMPTY_BODY = YES;
				CLANG_WARN_ENUM_CONVERSION = YES;
				CLANG_WARN_INFINITE_RECURSION = YES;
				CLANG_WARN_INT_CONVERSION = YES;
				CLANG_WARN_NON_LITERAL_NULL_CONVERSION = YES;
				CLANG_WARN_OBJC_IMPLICIT_RETAIN_SELF = YES;
				CLANG_WARN_OBJC_LITERAL_CONVERSION = YES;
				CLANG_WARN_OBJC_ROOT_CLASS = YES_ERROR;
				CLANG_WARN_RANGE_LOOP_ANALYSIS = YES;
				CLANG_WARN_STRICT_PROTOTYPES = YES;
				CLANG_WARN_SUSPICIOUS_MOVE = YES;
				CLANG_WARN_UNGUARDED_AVAILABILITY = YES_AGGRESSIVE;
				CLANG_WARN_UNREACHABLE_CODE = YES;
				CLANG_WARN__DUPLICATE_METHOD_MATCH = YES;
				COPY_PHASE_STRIP = NO;
				DEBUG_INFORMATION_FORMAT = dwarf;
				ENABLE_STRICT_OBJC_MSGSEND = YES;
				ENABLE_TESTABILITY = YES;
				GCC_C_LANGUAGE_STANDARD = gnu11;
				GCC_DYNAMIC_NO_PIC = NO;
				GCC_NO_COMMON_BLOCKS = YES;
				GCC_OPTIMIZATION_LEVEL = 0;
				GCC_PREPROCESSOR_DEFINITIONS = (
					"DEBUG=1",
					"$(inherited)",
				);
				GCC_WARN_64_TO_32_BIT_CONVERSION = YES;
				GCC_WARN_ABOUT_RETURN_TYPE = YES_ERROR;
				GCC_WARN_UNDECLARED_SELECTOR = YES;
				GCC_WARN_UNINITIALIZED_AUTOS = YES_AGGRESSIVE;
				GCC_WARN_UNUSED_FUNCTION = YES;
				GCC_WARN_UNUSED_VARIABLE = YES;
				IPHONEOS_DEPLOYMENT_TARGET = 13.5;
				MTL_ENABLE_DEBUG_INFO = INCLUDE_SOURCE;
				MTL_FAST_MATH = YES;
				ONLY_ACTIVE_ARCH = YES;
				SDKROOT = iphoneos;
				SWIFT_ACTIVE_COMPILATION_CONDITIONS = DEBUG;
				SWIFT_OPTIMIZATION_LEVEL = "-Onone";
			};
			name = Debug;
		};
		76974FEB24A7968C00C8B959 /* Release */ = {
			isa = XCBuildConfiguration;
			buildSettings = {
				ALWAYS_SEARCH_USER_PATHS = NO;
				CLANG_ANALYZER_NONNULL = YES;
				CLANG_ANALYZER_NUMBER_OBJECT_CONVERSION = YES_AGGRESSIVE;
				CLANG_CXX_LANGUAGE_STANDARD = "gnu++14";
				CLANG_CXX_LIBRARY = "libc++";
				CLANG_ENABLE_MODULES = YES;
				CLANG_ENABLE_OBJC_ARC = YES;
				CLANG_ENABLE_OBJC_WEAK = YES;
				CLANG_WARN_BLOCK_CAPTURE_AUTORELEASING = YES;
				CLANG_WARN_BOOL_CONVERSION = YES;
				CLANG_WARN_COMMA = YES;
				CLANG_WARN_CONSTANT_CONVERSION = YES;
				CLANG_WARN_DEPRECATED_OBJC_IMPLEMENTATIONS = YES;
				CLANG_WARN_DIRECT_OBJC_ISA_USAGE = YES_ERROR;
				CLANG_WARN_DOCUMENTATION_COMMENTS = YES;
				CLANG_WARN_EMPTY_BODY = YES;
				CLANG_WARN_ENUM_CONVERSION = YES;
				CLANG_WARN_INFINITE_RECURSION = YES;
				CLANG_WARN_INT_CONVERSION = YES;
				CLANG_WARN_NON_LITERAL_NULL_CONVERSION = YES;
				CLANG_WARN_OBJC_IMPLICIT_RETAIN_SELF = YES;
				CLANG_WARN_OBJC_LITERAL_CONVERSION = YES;
				CLANG_WARN_OBJC_ROOT_CLASS = YES_ERROR;
				CLANG_WARN_RANGE_LOOP_ANALYSIS = YES;
				CLANG_WARN_STRICT_PROTOTYPES = YES;
				CLANG_WARN_SUSPICIOUS_MOVE = YES;
				CLANG_WARN_UNGUARDED_AVAILABILITY = YES_AGGRESSIVE;
				CLANG_WARN_UNREACHABLE_CODE = YES;
				CLANG_WARN__DUPLICATE_METHOD_MATCH = YES;
				COPY_PHASE_STRIP = NO;
				DEBUG_INFORMATION_FORMAT = "dwarf-with-dsym";
				ENABLE_NS_ASSERTIONS = NO;
				ENABLE_STRICT_OBJC_MSGSEND = YES;
				GCC_C_LANGUAGE_STANDARD = gnu11;
				GCC_NO_COMMON_BLOCKS = YES;
				GCC_WARN_64_TO_32_BIT_CONVERSION = YES;
				GCC_WARN_ABOUT_RETURN_TYPE = YES_ERROR;
				GCC_WARN_UNDECLARED_SELECTOR = YES;
				GCC_WARN_UNINITIALIZED_AUTOS = YES_AGGRESSIVE;
				GCC_WARN_UNUSED_FUNCTION = YES;
				GCC_WARN_UNUSED_VARIABLE = YES;
				IPHONEOS_DEPLOYMENT_TARGET = 13.5;
				MTL_ENABLE_DEBUG_INFO = NO;
				MTL_FAST_MATH = YES;
				SDKROOT = iphoneos;
				SWIFT_COMPILATION_MODE = wholemodule;
				SWIFT_OPTIMIZATION_LEVEL = "-O";
				VALIDATE_PRODUCT = YES;
			};
			name = Release;
		};
		76974FED24A7968C00C8B959 /* Debug */ = {
			isa = XCBuildConfiguration;
			buildSettings = {
				ASSETCATALOG_COMPILER_APPICON_NAME = AppIcon;
				CODE_SIGN_ENTITLEMENTS = "iOS-cw5-p1/iOS-cw5-p1.entitlements";
				CODE_SIGN_STYLE = Automatic;
				INFOPLIST_FILE = "iOS-cw5-p1/Info.plist";
				LD_RUNPATH_SEARCH_PATHS = (
					"$(inherited)",
					"@executable_path/Frameworks",
				);
				PRODUCT_BUNDLE_IDENTIFIER = "com.MOHAMMED-BAQER.iOS-cw5-p1";
				PRODUCT_NAME = "$(TARGET_NAME)";
				SUPPORTS_MACCATALYST = YES;
				SWIFT_VERSION = 5.0;
				TARGETED_DEVICE_FAMILY = "1,2";
			};
			name = Debug;
		};
		76974FEE24A7968C00C8B959 /* Release */ = {
			isa = XCBuildConfiguration;
			buildSettings = {
				ASSETCATALOG_COMPILER_APPICON_NAME = AppIcon;
				CODE_SIGN_ENTITLEMENTS = "iOS-cw5-p1/iOS-cw5-p1.entitlements";
				CODE_SIGN_STYLE = Automatic;
				INFOPLIST_FILE = "iOS-cw5-p1/Info.plist";
				LD_RUNPATH_SEARCH_PATHS = (
					"$(inherited)",
					"@executable_path/Frameworks",
				);
				PRODUCT_BUNDLE_IDENTIFIER = "com.MOHAMMED-BAQER.iOS-cw5-p1";
				PRODUCT_NAME = "$(TARGET_NAME)";
				SUPPORTS_MACCATALYST = YES;
				SWIFT_VERSION = 5.0;
				TARGETED_DEVICE_FAMILY = "1,2";
			};
			name = Release;
		};
/* End XCBuildConfiguration section */

/* Begin XCConfigurationList section */
		76974FD324A7968A00C8B959 /* Build configuration list for PBXProject "iOS-cw5-p1" */ = {
			isa = XCConfigurationList;
			buildConfigurations = (
				76974FEA24A7968C00C8B959 /* Debug */,
				76974FEB24A7968C00C8B959 /* Release */,
			);
			defaultConfigurationIsVisible = 0;
			defaultConfigurationName = Release;
		};
		76974FEC24A7968C00C8B959 /* Build configuration list for PBXNativeTarget "iOS-cw5-p1" */ = {
			isa = XCConfigurationList;
			buildConfigurations = (
				76974FED24A7968C00C8B959 /* Debug */,
				76974FEE24A7968C00C8B959 /* Release */,
			);
			defaultConfigurationIsVisible = 0;
			defaultConfigurationName = Release;
		};
/* End XCConfigurationList section */
	};
	rootObject = 76974FD024A7968A00C8B959 /* Project object */;
}
